
Microsoft Visual Studio Solution File, Format Version 12.00
# Visual Studio Version 17
VisualStudioVersion = 17.12.35209.166
MinimumVisualStudioVersion = 10.0.40219.1
Project("{2150E333-8FDC-42A3-9474-1A3956D46DE8}") = "src", "src", "{697309AB-3C51-4B86-8CE2-2E0EA44FDE2D}"
EndProject
Project("{FAE04EC0-301F-11D3-BF4B-00C04F79EFBC}") = "ProducerWebApi", "ProducerWebApi\ProducerWebApi.csproj", "{602B54D6-F275-47A5-A30A-27875987C1B5}"
EndProject
Project("{FAE04EC0-301F-11D3-BF4B-00C04F79EFBC}") = "ConsumerWebApi", "ConsumerWebApi\ConsumerWebApi.csproj", "{B556859D-2528-4EB2-9D89-CAEDB22216FD}"
EndProject
Global
	GlobalSection(SolutionConfigurationPlatforms) = preSolution
		Debug|Any CPU = Debug|Any CPU
		Release|Any CPU = Release|Any CPU
	EndGlobalSection
	GlobalSection(ProjectConfigurationPlatforms) = postSolution
		{602B54D6-F275-47A5-A30A-27875987C1B5}.Debug|Any CPU.ActiveCfg = Debug|Any CPU
		{602B54D6-F275-47A5-A30A-27875987C1B5}.Debug|Any CPU.Build.0 = Debug|Any CPU
		{602B54D6-F275-47A5-A30A-27875987C1B5}.Release|Any CPU.ActiveCfg = Release|Any CPU
		{602B54D6-F275-47A5-A30A-27875987C1B5}.Release|Any CPU.Build.0 = Release|Any CPU
		{B556859D-2528-4EB2-9D89-CAEDB22216FD}.Debug|Any CPU.ActiveCfg = Debug|Any CPU
		{B556859D-2528-4EB2-9D89-CAEDB22216FD}.Debug|Any CPU.Build.0 = Debug|Any CPU
		{B556859D-2528-4EB2-9D89-CAEDB22216FD}.Release|Any CPU.ActiveCfg = Release|Any CPU
		{B556859D-2528-4EB2-9D89-CAEDB22216FD}.Release|Any CPU.Build.0 = Release|Any CPU
	EndGlobalSection
	GlobalSection(SolutionProperties) = preSolution
		HideSolutionNode = FALSE
	EndGlobalSection
	GlobalSection(NestedProjects) = preSolution
		{602B54D6-F275-47A5-A30A-27875987C1B5} = {697309AB-3C51-4B86-8CE2-2E0EA44FDE2D}
		{B556859D-2528-4EB2-9D89-CAEDB22216FD} = {697309AB-3C51-4B86-8CE2-2E0EA44FDE2D}
	EndGlobalSection
	GlobalSection(ExtensibilityGlobals) = postSolution
		SolutionGuid = {46347E51-D387-47A7-91DC-9FA3F4307BB7}
	EndGlobalSection
EndGlobal
